
Microsoft Visual Studio Solution File, Format Version 12.00
# Visual Studio Version 17
VisualStudioVersion = 17.1.32328.378
MinimumVisualStudioVersion = 10.0.40219.1
Project("{FAE04EC0-301F-11D3-BF4B-00C04F79EFBC}") = "HomeFin3WAPI", "HomeFin3WAPI\HomeFin3WAPI.csproj", "{F7A72084-82AF-484B-9844-6363BC8C9ED1}"
EndProject
Project("{FAE04EC0-301F-11D3-BF4B-00C04F79EFBC}") = "HomeFinWebApp", "HomeFinWebApp\HomeFinWebApp.csproj", "{19B15604-182B-433D-A7D1-C9222A87F19C}"
EndProject
Project("{9A19103F-16F7-4668-BE54-9A1E7A4F7556}") = "HomeFinCommonTypes", "HomeFinCommonTypes\HomeFinCommonTypes.csproj", "{783D0F58-3811-4124-BCAA-7763DFE425A5}"
EndProject
Project("{FAE04EC0-301F-11D3-BF4B-00C04F79EFBC}") = "HomeFinWFP", "HomeFinWFP\HomeFinWFP.csproj", "{70F37B5D-78CA-4601-96D0-2440E53A89D7}"
EndProject
Global
	GlobalSection(SolutionConfigurationPlatforms) = preSolution
		Debug|Any CPU = Debug|Any CPU
		Release|Any CPU = Release|Any CPU
	EndGlobalSection
	GlobalSection(ProjectConfigurationPlatforms) = postSolution
		{F7A72084-82AF-484B-9844-6363BC8C9ED1}.Debug|Any CPU.ActiveCfg = Debug|Any CPU
		{F7A72084-82AF-484B-9844-6363BC8C9ED1}.Debug|Any CPU.Build.0 = Debug|Any CPU
		{F7A72084-82AF-484B-9844-6363BC8C9ED1}.Release|Any CPU.ActiveCfg = Release|Any CPU
		{F7A72084-82AF-484B-9844-6363BC8C9ED1}.Release|Any CPU.Build.0 = Release|Any CPU
		{19B15604-182B-433D-A7D1-C9222A87F19C}.Debug|Any CPU.ActiveCfg = Debug|Any CPU
		{19B15604-182B-433D-A7D1-C9222A87F19C}.Debug|Any CPU.Build.0 = Debug|Any CPU
		{19B15604-182B-433D-A7D1-C9222A87F19C}.Release|Any CPU.ActiveCfg = Release|Any CPU
		{19B15604-182B-433D-A7D1-C9222A87F19C}.Release|Any CPU.Build.0 = Release|Any CPU
		{783D0F58-3811-4124-BCAA-7763DFE425A5}.Debug|Any CPU.ActiveCfg = Debug|Any CPU
		{783D0F58-3811-4124-BCAA-7763DFE425A5}.Debug|Any CPU.Build.0 = Debug|Any CPU
		{783D0F58-3811-4124-BCAA-7763DFE425A5}.Release|Any CPU.ActiveCfg = Release|Any CPU
		{783D0F58-3811-4124-BCAA-7763DFE425A5}.Release|Any CPU.Build.0 = Release|Any CPU
		{70F37B5D-78CA-4601-96D0-2440E53A89D7}.Debug|Any CPU.ActiveCfg = Debug|Any CPU
		{70F37B5D-78CA-4601-96D0-2440E53A89D7}.Debug|Any CPU.Build.0 = Debug|Any CPU
		{70F37B5D-78CA-4601-96D0-2440E53A89D7}.Release|Any CPU.ActiveCfg = Release|Any CPU
		{70F37B5D-78CA-4601-96D0-2440E53A89D7}.Release|Any CPU.Build.0 = Release|Any CPU
	EndGlobalSection
	GlobalSection(SolutionProperties) = preSolution
		HideSolutionNode = FALSE
	EndGlobalSection
	GlobalSection(ExtensibilityGlobals) = postSolution
		SolutionGuid = {769B566B-8870-4467-B359-3743E193A3BB}
	EndGlobalSection
EndGlobal
